// !$*UTF8*$!
{
	archiveVersion = 1;
	classes = {
	};
	objectVersion = 46;
	objects = {

/* Begin PBXBuildFile section */
		771713E6199CB72F0013A67B /* Foundation.framework in Frameworks */ = {isa = PBXBuildFile; fileRef = 771713E5199CB72F0013A67B /* Foundation.framework */; };
		771713E8199CB72F0013A67B /* CoreGraphics.framework in Frameworks */ = {isa = PBXBuildFile; fileRef = 771713E7199CB72F0013A67B /* CoreGraphics.framework */; };
		771713EA199CB72F0013A67B /* UIKit.framework in Frameworks */ = {isa = PBXBuildFile; fileRef = 771713E9199CB72F0013A67B /* UIKit.framework */; };
		771713F0199CB72F0013A67B /* InfoPlist.strings in Resources */ = {isa = PBXBuildFile; fileRef = 771713EE199CB72F0013A67B /* InfoPlist.strings */; };
		771713F2199CB72F0013A67B /* main.m in Sources */ = {isa = PBXBuildFile; fileRef = 771713F1199CB72F0013A67B /* main.m */; };
		771713F6199CB72F0013A67B /* JFAppDelegate.m in Sources */ = {isa = PBXBuildFile; fileRef = 771713F5199CB72F0013A67B /* JFAppDelegate.m */; };
		771713F9199CB72F0013A67B /* Main.storyboard in Resources */ = {isa = PBXBuildFile; fileRef = 771713F7199CB72F0013A67B /* Main.storyboard */; };
		771713FC199CB72F0013A67B /* JFViewController.m in Sources */ = {isa = PBXBuildFile; fileRef = 771713FB199CB72F0013A67B /* JFViewController.m */; };
		771713FE199CB72F0013A67B /* Images.xcassets in Resources */ = {isa = PBXBuildFile; fileRef = 771713FD199CB72F0013A67B /* Images.xcassets */; };
		77171405199CB72F0013A67B /* XCTest.framework in Frameworks */ = {isa = PBXBuildFile; fileRef = 77171404199CB72F0013A67B /* XCTest.framework */; };
		77171406199CB72F0013A67B /* Foundation.framework in Frameworks */ = {isa = PBXBuildFile; fileRef = 771713E5199CB72F0013A67B /* Foundation.framework */; };
		77171407199CB72F0013A67B /* UIKit.framework in Frameworks */ = {isa = PBXBuildFile; fileRef = 771713E9199CB72F0013A67B /* UIKit.framework */; };
		7717140F199CB72F0013A67B /* InfoPlist.strings in Resources */ = {isa = PBXBuildFile; fileRef = 7717140D199CB72F0013A67B /* InfoPlist.strings */; };
		77171411199CB72F0013A67B /* Jokefaker_iOS_Helper_gitTests.m in Sources */ = {isa = PBXBuildFile; fileRef = 77171410199CB72F0013A67B /* Jokefaker_iOS_Helper_gitTests.m */; };
		77171436199CC1E50013A67B /* Jokefaker.iOS.Helper.podspec in Resources */ = {isa = PBXBuildFile; fileRef = 77171435199CC1E50013A67B /* Jokefaker.iOS.Helper.podspec */; };
		7717144E199CD5110013A67B /* NSArray+CC.m in Sources */ = {isa = PBXBuildFile; fileRef = 77171440199CD5110013A67B /* NSArray+CC.m */; };
		7717144F199CD5110013A67B /* NSData+CC.m in Sources */ = {isa = PBXBuildFile; fileRef = 77171442199CD5110013A67B /* NSData+CC.m */; };
		77171450199CD5110013A67B /* NSDate+CC.m in Sources */ = {isa = PBXBuildFile; fileRef = 77171444199CD5110013A67B /* NSDate+CC.m */; };
		77171451199CD5110013A67B /* NSNumber+CC.m in Sources */ = {isa = PBXBuildFile; fileRef = 77171446199CD5110013A67B /* NSNumber+CC.m */; };
		77171452199CD5110013A67B /* NSString+CC.m in Sources */ = {isa = PBXBuildFile; fileRef = 77171448199CD5110013A67B /* NSString+CC.m */; };
		77171453199CD5110013A67B /* NSTimer+CC.m in Sources */ = {isa = PBXBuildFile; fileRef = 7717144A199CD5110013A67B /* NSTimer+CC.m */; };
		77171454199CD5110013A67B /* JFDateTimePicker.m in Sources */ = {isa = PBXBuildFile; fileRef = 7717144D199CD5110013A67B /* JFDateTimePicker.m */; };
/* End PBXBuildFile section */

/* Begin PBXContainerItemProxy section */
		77171408199CB72F0013A67B /* PBXContainerItemProxy */ = {
			isa = PBXContainerItemProxy;
			containerPortal = 771713DA199CB72F0013A67B /* Project object */;
			proxyType = 1;
			remoteGlobalIDString = 771713E1199CB72F0013A67B;
			remoteInfo = Jokefaker.iOS.Helper.git;
		};
/* End PBXContainerItemProxy section */

/* Begin PBXFileReference section */
		771713E2199CB72F0013A67B /* Jokefaker.iOS.Helper.git.app */ = {isa = PBXFileReference; explicitFileType = wrapper.application; includeInIndex = 0; path = Jokefaker.iOS.Helper.git.app; sourceTree = BUILT_PRODUCTS_DIR; };
		771713E5199CB72F0013A67B /* Foundation.framework */ = {isa = PBXFileReference; lastKnownFileType = wrapper.framework; name = Foundation.framework; path = System/Library/Frameworks/Foundation.framework; sourceTree = SDKROOT; };
		771713E7199CB72F0013A67B /* CoreGraphics.framework */ = {isa = PBXFileReference; lastKnownFileType = wrapper.framework; name = CoreGraphics.framework; path = System/Library/Frameworks/CoreGraphics.framework; sourceTree = SDKROOT; };
		771713E9199CB72F0013A67B /* UIKit.framework */ = {isa = PBXFileReference; lastKnownFileType = wrapper.framework; name = UIKit.framework; path = System/Library/Frameworks/UIKit.framework; sourceTree = SDKROOT; };
		771713ED199CB72F0013A67B /* Jokefaker.iOS.Helper.git-Info.plist */ = {isa = PBXFileReference; lastKnownFileType = text.plist.xml; path = "Jokefaker.iOS.Helper.git-Info.plist"; sourceTree = "<group>"; };
		771713EF199CB72F0013A67B /* en */ = {isa = PBXFileReference; lastKnownFileType = text.plist.strings; name = en; path = en.lproj/InfoPlist.strings; sourceTree = "<group>"; };
		771713F1199CB72F0013A67B /* main.m */ = {isa = PBXFileReference; lastKnownFileType = sourcecode.c.objc; path = main.m; sourceTree = "<group>"; };
		771713F3199CB72F0013A67B /* Jokefaker.iOS.Helper.git-Prefix.pch */ = {isa = PBXFileReference; lastKnownFileType = sourcecode.c.h; path = "Jokefaker.iOS.Helper.git-Prefix.pch"; sourceTree = "<group>"; };
		771713F4199CB72F0013A67B /* JFAppDelegate.h */ = {isa = PBXFileReference; lastKnownFileType = sourcecode.c.h; path = JFAppDelegate.h; sourceTree = "<group>"; };
		771713F5199CB72F0013A67B /* JFAppDelegate.m */ = {isa = PBXFileReference; lastKnownFileType = sourcecode.c.objc; path = JFAppDelegate.m; sourceTree = "<group>"; };
		771713F8199CB72F0013A67B /* Base */ = {isa = PBXFileReference; lastKnownFileType = file.storyboard; name = Base; path = Base.lproj/Main.storyboard; sourceTree = "<group>"; };
		771713FA199CB72F0013A67B /* JFViewController.h */ = {isa = PBXFileReference; lastKnownFileType = sourcecode.c.h; path = JFViewController.h; sourceTree = "<group>"; };
		771713FB199CB72F0013A67B /* JFViewController.m */ = {isa = PBXFileReference; lastKnownFileType = sourcecode.c.objc; path = JFViewController.m; sourceTree = "<group>"; };
		771713FD199CB72F0013A67B /* Images.xcassets */ = {isa = PBXFileReference; lastKnownFileType = folder.assetcatalog; path = Images.xcassets; sourceTree = "<group>"; };
		77171403199CB72F0013A67B /* Jokefaker.iOS.Helper.gitTests.xctest */ = {isa = PBXFileReference; explicitFileType = wrapper.cfbundle; includeInIndex = 0; path = Jokefaker.iOS.Helper.gitTests.xctest; sourceTree = BUILT_PRODUCTS_DIR; };
		77171404199CB72F0013A67B /* XCTest.framework */ = {isa = PBXFileReference; lastKnownFileType = wrapper.framework; name = XCTest.framework; path = Library/Frameworks/XCTest.framework; sourceTree = DEVELOPER_DIR; };
		7717140C199CB72F0013A67B /* Jokefaker.iOS.Helper.gitTests-Info.plist */ = {isa = PBXFileReference; lastKnownFileType = text.plist.xml; path = "Jokefaker.iOS.Helper.gitTests-Info.plist"; sourceTree = "<group>"; };
		7717140E199CB72F0013A67B /* en */ = {isa = PBXFileReference; lastKnownFileType = text.plist.strings; name = en; path = en.lproj/InfoPlist.strings; sourceTree = "<group>"; };
		77171410199CB72F0013A67B /* Jokefaker_iOS_Helper_gitTests.m */ = {isa = PBXFileReference; lastKnownFileType = sourcecode.c.objc; path = Jokefaker_iOS_Helper_gitTests.m; sourceTree = "<group>"; };
		77171435199CC1E50013A67B /* Jokefaker.iOS.Helper.podspec */ = {isa = PBXFileReference; fileEncoding = 4; lastKnownFileType = text; path = Jokefaker.iOS.Helper.podspec; sourceTree = "<group>"; };
		7717143E199CD5110013A67B /* CommonCategory.h */ = {isa = PBXFileReference; fileEncoding = 4; lastKnownFileType = sourcecode.c.h; path = CommonCategory.h; sourceTree = "<group>"; };
		7717143F199CD5110013A67B /* NSArray+CC.h */ = {isa = PBXFileReference; fileEncoding = 4; lastKnownFileType = sourcecode.c.h; path = "NSArray+CC.h"; sourceTree = "<group>"; };
		77171440199CD5110013A67B /* NSArray+CC.m */ = {isa = PBXFileReference; fileEncoding = 4; lastKnownFileType = sourcecode.c.objc; path = "NSArray+CC.m"; sourceTree = "<group>"; };
		77171441199CD5110013A67B /* NSData+CC.h */ = {isa = PBXFileReference; fileEncoding = 4; lastKnownFileType = sourcecode.c.h; path = "NSData+CC.h"; sourceTree = "<group>"; };
		77171442199CD5110013A67B /* NSData+CC.m */ = {isa = PBXFileReference; fileEncoding = 4; lastKnownFileType = sourcecode.c.objc; path = "NSData+CC.m"; sourceTree = "<group>"; };
		77171443199CD5110013A67B /* NSDate+CC.h */ = {isa = PBXFileReference; fileEncoding = 4; lastKnownFileType = sourcecode.c.h; path = "NSDate+CC.h"; sourceTree = "<group>"; };
		77171444199CD5110013A67B /* NSDate+CC.m */ = {isa = PBXFileReference; fileEncoding = 4; lastKnownFileType = sourcecode.c.objc; path = "NSDate+CC.m"; sourceTree = "<group>"; };
		77171445199CD5110013A67B /* NSNumber+CC.h */ = {isa = PBXFileReference; fileEncoding = 4; lastKnownFileType = sourcecode.c.h; path = "NSNumber+CC.h"; sourceTree = "<group>"; };
		77171446199CD5110013A67B /* NSNumber+CC.m */ = {isa = PBXFileReference; fileEncoding = 4; lastKnownFileType = sourcecode.c.objc; path = "NSNumber+CC.m"; sourceTree = "<group>"; };
		77171447199CD5110013A67B /* NSString+CC.h */ = {isa = PBXFileReference; fileEncoding = 4; lastKnownFileType = sourcecode.c.h; path = "NSString+CC.h"; sourceTree = "<group>"; };
		77171448199CD5110013A67B /* NSString+CC.m */ = {isa = PBXFileReference; fileEncoding = 4; lastKnownFileType = sourcecode.c.objc; path = "NSString+CC.m"; sourceTree = "<group>"; };
		77171449199CD5110013A67B /* NSTimer+CC.h */ = {isa = PBXFileReference; fileEncoding = 4; lastKnownFileType = sourcecode.c.h; path = "NSTimer+CC.h"; sourceTree = "<group>"; };
		7717144A199CD5110013A67B /* NSTimer+CC.m */ = {isa = PBXFileReference; fileEncoding = 4; lastKnownFileType = sourcecode.c.objc; path = "NSTimer+CC.m"; sourceTree = "<group>"; };
		7717144C199CD5110013A67B /* JFDateTimePicker.h */ = {isa = PBXFileReference; fileEncoding = 4; lastKnownFileType = sourcecode.c.h; path = JFDateTimePicker.h; sourceTree = "<group>"; };
		7717144D199CD5110013A67B /* JFDateTimePicker.m */ = {isa = PBXFileReference; fileEncoding = 4; lastKnownFileType = sourcecode.c.objc; path = JFDateTimePicker.m; sourceTree = "<group>"; };
/* End PBXFileReference section */

/* Begin PBXFrameworksBuildPhase section */
		771713DF199CB72F0013A67B /* Frameworks */ = {
			isa = PBXFrameworksBuildPhase;
			buildActionMask = 2147483647;
			files = (
				771713E8199CB72F0013A67B /* CoreGraphics.framework in Frameworks */,
				771713EA199CB72F0013A67B /* UIKit.framework in Frameworks */,
				771713E6199CB72F0013A67B /* Foundation.framework in Frameworks */,
			);
			runOnlyForDeploymentPostprocessing = 0;
		};
		77171400199CB72F0013A67B /* Frameworks */ = {
			isa = PBXFrameworksBuildPhase;
			buildActionMask = 2147483647;
			files = (
				77171405199CB72F0013A67B /* XCTest.framework in Frameworks */,
				77171407199CB72F0013A67B /* UIKit.framework in Frameworks */,
				77171406199CB72F0013A67B /* Foundation.framework in Frameworks */,
			);
			runOnlyForDeploymentPostprocessing = 0;
		};
/* End PBXFrameworksBuildPhase section */

/* Begin PBXGroup section */
		771713D9199CB72F0013A67B = {
			isa = PBXGroup;
			children = (
				77171435199CC1E50013A67B /* Jokefaker.iOS.Helper.podspec */,
				7717143C199CD5110013A67B /* Libs */,
				771713EB199CB72F0013A67B /* Jokefaker.iOS.Helper.git */,
				7717140A199CB72F0013A67B /* Jokefaker.iOS.Helper.gitTests */,
				771713E4199CB72F0013A67B /* Frameworks */,
				771713E3199CB72F0013A67B /* Products */,
			);
			sourceTree = "<group>";
		};
		771713E3199CB72F0013A67B /* Products */ = {
			isa = PBXGroup;
			children = (
				771713E2199CB72F0013A67B /* Jokefaker.iOS.Helper.git.app */,
				77171403199CB72F0013A67B /* Jokefaker.iOS.Helper.gitTests.xctest */,
			);
			name = Products;
			sourceTree = "<group>";
		};
		771713E4199CB72F0013A67B /* Frameworks */ = {
			isa = PBXGroup;
			children = (
				771713E5199CB72F0013A67B /* Foundation.framework */,
				771713E7199CB72F0013A67B /* CoreGraphics.framework */,
				771713E9199CB72F0013A67B /* UIKit.framework */,
				77171404199CB72F0013A67B /* XCTest.framework */,
			);
			name = Frameworks;
			sourceTree = "<group>";
		};
		771713EB199CB72F0013A67B /* Jokefaker.iOS.Helper.git */ = {
			isa = PBXGroup;
			children = (
				771713F4199CB72F0013A67B /* JFAppDelegate.h */,
				771713F5199CB72F0013A67B /* JFAppDelegate.m */,
				771713F7199CB72F0013A67B /* Main.storyboard */,
				771713FA199CB72F0013A67B /* JFViewController.h */,
				771713FB199CB72F0013A67B /* JFViewController.m */,
				771713FD199CB72F0013A67B /* Images.xcassets */,
				771713EC199CB72F0013A67B /* Supporting Files */,
			);
			path = Jokefaker.iOS.Helper.git;
			sourceTree = "<group>";
		};
		771713EC199CB72F0013A67B /* Supporting Files */ = {
			isa = PBXGroup;
			children = (
				771713ED199CB72F0013A67B /* Jokefaker.iOS.Helper.git-Info.plist */,
				771713EE199CB72F0013A67B /* InfoPlist.strings */,
				771713F1199CB72F0013A67B /* main.m */,
				771713F3199CB72F0013A67B /* Jokefaker.iOS.Helper.git-Prefix.pch */,
			);
			name = "Supporting Files";
			sourceTree = "<group>";
		};
		7717140A199CB72F0013A67B /* Jokefaker.iOS.Helper.gitTests */ = {
			isa = PBXGroup;
			children = (
				77171410199CB72F0013A67B /* Jokefaker_iOS_Helper_gitTests.m */,
				7717140B199CB72F0013A67B /* Supporting Files */,
			);
			path = Jokefaker.iOS.Helper.gitTests;
			sourceTree = "<group>";
		};
		7717140B199CB72F0013A67B /* Supporting Files */ = {
			isa = PBXGroup;
			children = (
				7717140C199CB72F0013A67B /* Jokefaker.iOS.Helper.gitTests-Info.plist */,
				7717140D199CB72F0013A67B /* InfoPlist.strings */,
			);
			name = "Supporting Files";
			sourceTree = "<group>";
		};
		7717143C199CD5110013A67B /* Libs */ = {
			isa = PBXGroup;
			children = (
				7717143D199CD5110013A67B /* Category */,
				7717144B199CD5110013A67B /* CustomUI */,
			);
			path = Libs;
			sourceTree = "<group>";
		};
		7717143D199CD5110013A67B /* Category */ = {
			isa = PBXGroup;
			children = (
				7717143E199CD5110013A67B /* CommonCategory.h */,
				7717143F199CD5110013A67B /* NSArray+CC.h */,
				77171440199CD5110013A67B /* NSArray+CC.m */,
				77171441199CD5110013A67B /* NSData+CC.h */,
				77171442199CD5110013A67B /* NSData+CC.m */,
				77171443199CD5110013A67B /* NSDate+CC.h */,
				77171444199CD5110013A67B /* NSDate+CC.m */,
				77171445199CD5110013A67B /* NSNumber+CC.h */,
				77171446199CD5110013A67B /* NSNumber+CC.m */,
				77171447199CD5110013A67B /* NSString+CC.h */,
				77171448199CD5110013A67B /* NSString+CC.m */,
				77171449199CD5110013A67B /* NSTimer+CC.h */,
				7717144A199CD5110013A67B /* NSTimer+CC.m */,
			);
			path = Category;
			sourceTree = "<group>";
		};
		7717144B199CD5110013A67B /* CustomUI */ = {
			isa = PBXGroup;
			children = (
				7717144C199CD5110013A67B /* JFDateTimePicker.h */,
				7717144D199CD5110013A67B /* JFDateTimePicker.m */,
			);
			path = CustomUI;
			sourceTree = "<group>";
		};
/* End PBXGroup section */

/* Begin PBXNativeTarget section */
		771713E1199CB72F0013A67B /* Jokefaker.iOS.Helper.git */ = {
			isa = PBXNativeTarget;
			buildConfigurationList = 77171414199CB72F0013A67B /* Build configuration list for PBXNativeTarget "Jokefaker.iOS.Helper.git" */;
			buildPhases = (
				771713DE199CB72F0013A67B /* Sources */,
				771713DF199CB72F0013A67B /* Frameworks */,
				771713E0199CB72F0013A67B /* Resources */,
			);
			buildRules = (
			);
			dependencies = (
			);
			name = Jokefaker.iOS.Helper.git;
			productName = Jokefaker.iOS.Helper.git;
			productReference = 771713E2199CB72F0013A67B /* Jokefaker.iOS.Helper.git.app */;
			productType = "com.apple.product-type.application";
		};
		77171402199CB72F0013A67B /* Jokefaker.iOS.Helper.gitTests */ = {
			isa = PBXNativeTarget;
			buildConfigurationList = 77171417199CB72F0013A67B /* Build configuration list for PBXNativeTarget "Jokefaker.iOS.Helper.gitTests" */;
			buildPhases = (
				771713FF199CB72F0013A67B /* Sources */,
				77171400199CB72F0013A67B /* Frameworks */,
				77171401199CB72F0013A67B /* Resources */,
			);
			buildRules = (
			);
			dependencies = (
				77171409199CB72F0013A67B /* PBXTargetDependency */,
			);
			name = Jokefaker.iOS.Helper.gitTests;
			productName = Jokefaker.iOS.Helper.gitTests;
			productReference = 77171403199CB72F0013A67B /* Jokefaker.iOS.Helper.gitTests.xctest */;
			productType = "com.apple.product-type.bundle.unit-test";
		};
/* End PBXNativeTarget section */

/* Begin PBXProject section */
		771713DA199CB72F0013A67B /* Project object */ = {
			isa = PBXProject;
			attributes = {
				CLASSPREFIX = JF;
				LastUpgradeCheck = 0510;
				ORGANIZATIONNAME = jokefaker;
				TargetAttributes = {
					77171402199CB72F0013A67B = {
						TestTargetID = 771713E1199CB72F0013A67B;
					};
				};
			};
			buildConfigurationList = 771713DD199CB72F0013A67B /* Build configuration list for PBXProject "Jokefaker.iOS.Helper.git" */;
			compatibilityVersion = "Xcode 3.2";
			developmentRegion = English;
			hasScannedForEncodings = 0;
			knownRegions = (
				en,
				Base,
			);
			mainGroup = 771713D9199CB72F0013A67B;
			productRefGroup = 771713E3199CB72F0013A67B /* Products */;
			projectDirPath = "";
			projectRoot = "";
			targets = (
				771713E1199CB72F0013A67B /* Jokefaker.iOS.Helper.git */,
				77171402199CB72F0013A67B /* Jokefaker.iOS.Helper.gitTests */,
			);
		};
/* End PBXProject section */

/* Begin PBXResourcesBuildPhase section */
		771713E0199CB72F0013A67B /* Resources */ = {
			isa = PBXResourcesBuildPhase;
			buildActionMask = 2147483647;
			files = (
				771713FE199CB72F0013A67B /* Images.xcassets in Resources */,
				77171436199CC1E50013A67B /* Jokefaker.iOS.Helper.podspec in Resources */,
				771713F0199CB72F0013A67B /* InfoPlist.strings in Resources */,
				771713F9199CB72F0013A67B /* Main.storyboard in Resources */,
			);
			runOnlyForDeploymentPostprocessing = 0;
		};
		77171401199CB72F0013A67B /* Resources */ = {
			isa = PBXResourcesBuildPhase;
			buildActionMask = 2147483647;
			files = (
				7717140F199CB72F0013A67B /* InfoPlist.strings in Resources */,
			);
			runOnlyForDeploymentPostprocessing = 0;
		};
/* End PBXResourcesBuildPhase section */

/* Begin PBXSourcesBuildPhase section */
		771713DE199CB72F0013A67B /* Sources */ = {
			isa = PBXSourcesBuildPhase;
			buildActionMask = 2147483647;
			files = (
				77171454199CD5110013A67B /* JFDateTimePicker.m in Sources */,
				7717144F199CD5110013A67B /* NSData+CC.m in Sources */,
				77171452199CD5110013A67B /* NSString+CC.m in Sources */,
				7717144E199CD5110013A67B /* NSArray+CC.m in Sources */,
				77171453199CD5110013A67B /* NSTimer+CC.m in Sources */,
				771713F6199CB72F0013A67B /* JFAppDelegate.m in Sources */,
				77171451199CD5110013A67B /* NSNumber+CC.m in Sources */,
				771713FC199CB72F0013A67B /* JFViewController.m in Sources */,
				77171450199CD5110013A67B /* NSDate+CC.m in Sources */,
				771713F2199CB72F0013A67B /* main.m in Sources */,
			);
			runOnlyForDeploymentPostprocessing = 0;
		};
		771713FF199CB72F0013A67B /* Sources */ = {
			isa = PBXSourcesBuildPhase;
			buildActionMask = 2147483647;
			files = (
				77171411199CB72F0013A67B /* Jokefaker_iOS_Helper_gitTests.m in Sources */,
			);
			runOnlyForDeploymentPostprocessing = 0;
		};
/* End PBXSourcesBuildPhase section */

/* Begin PBXTargetDependency section */
		77171409199CB72F0013A67B /* PBXTargetDependency */ = {
			isa = PBXTargetDependency;
			target = 771713E1199CB72F0013A67B /* Jokefaker.iOS.Helper.git */;
			targetProxy = 77171408199CB72F0013A67B /* PBXContainerItemProxy */;
		};
/* End PBXTargetDependency section */

/* Begin PBXVariantGroup section */
		771713EE199CB72F0013A67B /* InfoPlist.strings */ = {
			isa = PBXVariantGroup;
			children = (
				771713EF199CB72F0013A67B /* en */,
			);
			name = InfoPlist.strings;
			sourceTree = "<group>";
		};
		771713F7199CB72F0013A67B /* Main.storyboard */ = {
			isa = PBXVariantGroup;
			children = (
				771713F8199CB72F0013A67B /* Base */,
			);
			name = Main.storyboard;
			sourceTree = "<group>";
		};
		7717140D199CB72F0013A67B /* InfoPlist.strings */ = {
			isa = PBXVariantGroup;
			children = (
				7717140E199CB72F0013A67B /* en */,
			);
			name = InfoPlist.strings;
			sourceTree = "<group>";
		};
/* End PBXVariantGroup section */

/* Begin XCBuildConfiguration section */
		77171412199CB72F0013A67B /* Debug */ = {
			isa = XCBuildConfiguration;
			buildSettings = {
				ALWAYS_SEARCH_USER_PATHS = NO;
				CLANG_CXX_LANGUAGE_STANDARD = "gnu++0x";
				CLANG_CXX_LIBRARY = "libc++";
				CLANG_ENABLE_MODULES = YES;
				CLANG_ENABLE_OBJC_ARC = YES;
				CLANG_WARN_BOOL_CONVERSION = YES;
				CLANG_WARN_CONSTANT_CONVERSION = YES;
				CLANG_WARN_DIRECT_OBJC_ISA_USAGE = YES_ERROR;
				CLANG_WARN_EMPTY_BODY = YES;
				CLANG_WARN_ENUM_CONVERSION = YES;
				CLANG_WARN_INT_CONVERSION = YES;
				CLANG_WARN_OBJC_ROOT_CLASS = YES_ERROR;
				CLANG_WARN__DUPLICATE_METHOD_MATCH = YES;
				"CODE_SIGN_IDENTITY[sdk=iphoneos*]" = "iPhone Developer";
				COPY_PHASE_STRIP = NO;
				GCC_C_LANGUAGE_STANDARD = gnu99;
				GCC_DYNAMIC_NO_PIC = NO;
				GCC_OPTIMIZATION_LEVEL = 0;
				GCC_PREPROCESSOR_DEFINITIONS = (
					"DEBUG=1",
					"$(inherited)",
				);
				GCC_SYMBOLS_PRIVATE_EXTERN = NO;
				GCC_WARN_64_TO_32_BIT_CONVERSION = YES;
				GCC_WARN_ABOUT_RETURN_TYPE = YES_ERROR;
				GCC_WARN_UNDECLARED_SELECTOR = YES;
				GCC_WARN_UNINITIALIZED_AUTOS = YES_AGGRESSIVE;
				GCC_WARN_UNUSED_FUNCTION = YES;
				GCC_WARN_UNUSED_VARIABLE = YES;
				IPHONEOS_DEPLOYMENT_TARGET = 6.0;
				ONLY_ACTIVE_ARCH = YES;
				SDKROOT = iphoneos;
			};
			name = Debug;
		};
		77171413199CB72F0013A67B /* Release */ = {
			isa = XCBuildConfiguration;
			buildSettings = {
				ALWAYS_SEARCH_USER_PATHS = NO;
				CLANG_CXX_LANGUAGE_STANDARD = "gnu++0x";
				CLANG_CXX_LIBRARY = "libc++";
				CLANG_ENABLE_MODULES = YES;
				CLANG_ENABLE_OBJC_ARC = YES;
				CLANG_WARN_BOOL_CONVERSION = YES;
				CLANG_WARN_CONSTANT_CONVERSION = YES;
				CLANG_WARN_DIRECT_OBJC_ISA_USAGE = YES_ERROR;
				CLANG_WARN_EMPTY_BODY = YES;
				CLANG_WARN_ENUM_CONVERSION = YES;
				CLANG_WARN_INT_CONVERSION = YES;
				CLANG_WARN_OBJC_ROOT_CLASS = YES_ERROR;
				CLANG_WARN__DUPLICATE_METHOD_MATCH = YES;
				"CODE_SIGN_IDENTITY[sdk=iphoneos*]" = "iPhone Developer";
				COPY_PHASE_STRIP = YES;
				ENABLE_NS_ASSERTIONS = NO;
				GCC_C_LANGUAGE_STANDARD = gnu99;
				GCC_WARN_64_TO_32_BIT_CONVERSION = YES;
				GCC_WARN_ABOUT_RETURN_TYPE = YES_ERROR;
				GCC_WARN_UNDECLARED_SELECTOR = YES;
				GCC_WARN_UNINITIALIZED_AUTOS = YES_AGGRESSIVE;
				GCC_WARN_UNUSED_FUNCTION = YES;
				GCC_WARN_UNUSED_VARIABLE = YES;
				IPHONEOS_DEPLOYMENT_TARGET = 6.0;
				SDKROOT = iphoneos;
				VALIDATE_PRODUCT = YES;
			};
			name = Release;
		};
		77171415199CB72F0013A67B /* Debug */ = {
			isa = XCBuildConfiguration;
			buildSettings = {
				ASSETCATALOG_COMPILER_APPICON_NAME = AppIcon;
				ASSETCATALOG_COMPILER_LAUNCHIMAGE_NAME = LaunchImage;
				GCC_PRECOMPILE_PREFIX_HEADER = YES;
				GCC_PREFIX_HEADER = "Jokefaker.iOS.Helper.git/Jokefaker.iOS.Helper.git-Prefix.pch";
				INFOPLIST_FILE = "Jokefaker.iOS.Helper.git/Jokefaker.iOS.Helper.git-Info.plist";
				PRODUCT_NAME = "$(TARGET_NAME)";
				WRAPPER_EXTENSION = app;
			};
			name = Debug;
		};
		77171416199CB72F0013A67B /* Release */ = {
			isa = XCBuildConfiguration;
			buildSettings = {
				ASSETCATALOG_COMPILER_APPICON_NAME = AppIcon;
				ASSETCATALOG_COMPILER_LAUNCHIMAGE_NAME = LaunchImage;
				GCC_PRECOMPILE_PREFIX_HEADER = YES;
				GCC_PREFIX_HEADER = "Jokefaker.iOS.Helper.git/Jokefaker.iOS.Helper.git-Prefix.pch";
				INFOPLIST_FILE = "Jokefaker.iOS.Helper.git/Jokefaker.iOS.Helper.git-Info.plist";
				PRODUCT_NAME = "$(TARGET_NAME)";
				WRAPPER_EXTENSION = app;
			};
			name = Release;
		};
		77171418199CB72F0013A67B /* Debug */ = {
			isa = XCBuildConfiguration;
			buildSettings = {
				BUNDLE_LOADER = "$(BUILT_PRODUCTS_DIR)/Jokefaker.iOS.Helper.git.app/Jokefaker.iOS.Helper.git";
				FRAMEWORK_SEARCH_PATHS = (
					"$(SDKROOT)/Developer/Library/Frameworks",
					"$(inherited)",
					"$(DEVELOPER_FRAMEWORKS_DIR)",
				);
				GCC_PRECOMPILE_PREFIX_HEADER = YES;
				GCC_PREFIX_HEADER = "Jokefaker.iOS.Helper.git/Jokefaker.iOS.Helper.git-Prefix.pch";
				GCC_PREPROCESSOR_DEFINITIONS = (
					"DEBUG=1",
					"$(inherited)",
				);
				INFOPLIST_FILE = "Jokefaker.iOS.Helper.gitTests/Jokefaker.iOS.Helper.gitTests-Info.plist";
				PRODUCT_NAME = "$(TARGET_NAME)";
				TEST_HOST = "$(BUNDLE_LOADER)";
				WRAPPER_EXTENSION = xctest;
			};
			name = Debug;
		};
		77171419199CB72F0013A67B /* Release */ = {
			isa = XCBuildConfiguration;
			buildSettings = {
				BUNDLE_LOADER = "$(BUILT_PRODUCTS_DIR)/Jokefaker.iOS.Helper.git.app/Jokefaker.iOS.Helper.git";
				FRAMEWORK_SEARCH_PATHS = (
					"$(SDKROOT)/Developer/Library/Frameworks",
					"$(inherited)",
					"$(DEVELOPER_FRAMEWORKS_DIR)",
				);
				GCC_PRECOMPILE_PREFIX_HEADER = YES;
				GCC_PREFIX_HEADER = "Jokefaker.iOS.Helper.git/Jokefaker.iOS.Helper.git-Prefix.pch";
				INFOPLIST_FILE = "Jokefaker.iOS.Helper.gitTests/Jokefaker.iOS.Helper.gitTests-Info.plist";
				PRODUCT_NAME = "$(TARGET_NAME)";
				TEST_HOST = "$(BUNDLE_LOADER)";
				WRAPPER_EXTENSION = xctest;
			};
			name = Release;
		};
/* End XCBuildConfiguration section */

/* Begin XCConfigurationList section */
		771713DD199CB72F0013A67B /* Build configuration list for PBXProject "Jokefaker.iOS.Helper.git" */ = {
			isa = XCConfigurationList;
			buildConfigurations = (
				77171412199CB72F0013A67B /* Debug */,
				77171413199CB72F0013A67B /* Release */,
			);
			defaultConfigurationIsVisible = 0;
			defaultConfigurationName = Release;
		};
		77171414199CB72F0013A67B /* Build configuration list for PBXNativeTarget "Jokefaker.iOS.Helper.git" */ = {
			isa = XCConfigurationList;
			buildConfigurations = (
				77171415199CB72F0013A67B /* Debug */,
				77171416199CB72F0013A67B /* Release */,
			);
			defaultConfigurationIsVisible = 0;
			defaultConfigurationName = Release;
		};
		77171417199CB72F0013A67B /* Build configuration list for PBXNativeTarget "Jokefaker.iOS.Helper.gitTests" */ = {
			isa = XCConfigurationList;
			buildConfigurations = (
				77171418199CB72F0013A67B /* Debug */,
				77171419199CB72F0013A67B /* Release */,
			);
			defaultConfigurationIsVisible = 0;
			defaultConfigurationName = Release;
		};
/* End XCConfigurationList section */
	};
	rootObject = 771713DA199CB72F0013A67B /* Project object */;
}
